// !$*UTF8*$!
{
	archiveVersion = 1;
	classes = {
	};
	objectVersion = 51;
	objects = {

/* Begin PBXBuildFile section */
		27DD983F62489ECBF6CAD4A9 /* Pods_LupusInAula.framework in Frameworks */ = {isa = PBXBuildFile; fileRef = C7ABB273A22156CA3E5F5631 /* Pods_LupusInAula.framework */; };
		A31C52262359C4B1004F0BA5 /* RemoteDatabaseManager.swift in Sources */ = {isa = PBXBuildFile; fileRef = A31C52252359C4B1004F0BA5 /* RemoteDatabaseManager.swift */; };
		A3604F5D2350728E004493AA /* AppDelegate.swift in Sources */ = {isa = PBXBuildFile; fileRef = A3604F5C2350728E004493AA /* AppDelegate.swift */; };
		A3604F5F2350728E004493AA /* ViewController.swift in Sources */ = {isa = PBXBuildFile; fileRef = A3604F5E2350728E004493AA /* ViewController.swift */; };
		A3604F622350728E004493AA /* Main.storyboard in Resources */ = {isa = PBXBuildFile; fileRef = A3604F602350728E004493AA /* Main.storyboard */; };
		A3604F642350728F004493AA /* Assets.xcassets in Resources */ = {isa = PBXBuildFile; fileRef = A3604F632350728F004493AA /* Assets.xcassets */; };
		A3604F672350728F004493AA /* LaunchScreen.storyboard in Resources */ = {isa = PBXBuildFile; fileRef = A3604F652350728F004493AA /* LaunchScreen.storyboard */; };
		A3604F722350728F004493AA /* LupusInAulaTests.swift in Sources */ = {isa = PBXBuildFile; fileRef = A3604F712350728F004493AA /* LupusInAulaTests.swift */; };
		D9603BBABC31EA76B4F9E727 /* Pods_LupusInAulaTests.framework in Frameworks */ = {isa = PBXBuildFile; fileRef = A5D2EF8741D608472C5682E4 /* Pods_LupusInAulaTests.framework */; };
		F2A362702359BD6400BB0A26 /* Player.swift in Sources */ = {isa = PBXBuildFile; fileRef = F2A3626F2359BD6400BB0A26 /* Player.swift */; };
/* End PBXBuildFile section */

/* Begin PBXContainerItemProxy section */
		A3604F6E2350728F004493AA /* PBXContainerItemProxy */ = {
			isa = PBXContainerItemProxy;
			containerPortal = A3604F512350728E004493AA /* Project object */;
			proxyType = 1;
			remoteGlobalIDString = A3604F582350728E004493AA;
			remoteInfo = LupusInAula;
		};
/* End PBXContainerItemProxy section */

/* Begin PBXFileReference section */
		2390A36130B8CD91166AB1F2 /* Pods-LupusInAulaTests.release.xcconfig */ = {isa = PBXFileReference; includeInIndex = 1; lastKnownFileType = text.xcconfig; name = "Pods-LupusInAulaTests.release.xcconfig"; path = "Target Support Files/Pods-LupusInAulaTests/Pods-LupusInAulaTests.release.xcconfig"; sourceTree = "<group>"; };
		68CDCC912296EC2239AAAA6E /* Pods-LupusInAula.release.xcconfig */ = {isa = PBXFileReference; includeInIndex = 1; lastKnownFileType = text.xcconfig; name = "Pods-LupusInAula.release.xcconfig"; path = "Target Support Files/Pods-LupusInAula/Pods-LupusInAula.release.xcconfig"; sourceTree = "<group>"; };
		8500468553339C882227196B /* Pods-LupusInAulaTests.debug.xcconfig */ = {isa = PBXFileReference; includeInIndex = 1; lastKnownFileType = text.xcconfig; name = "Pods-LupusInAulaTests.debug.xcconfig"; path = "Target Support Files/Pods-LupusInAulaTests/Pods-LupusInAulaTests.debug.xcconfig"; sourceTree = "<group>"; };
		A31C52252359C4B1004F0BA5 /* RemoteDatabaseManager.swift */ = {isa = PBXFileReference; lastKnownFileType = sourcecode.swift; path = RemoteDatabaseManager.swift; sourceTree = "<group>"; };
		A3604F592350728E004493AA /* LupusInAula.app */ = {isa = PBXFileReference; explicitFileType = wrapper.application; includeInIndex = 0; path = LupusInAula.app; sourceTree = BUILT_PRODUCTS_DIR; };
		A3604F5C2350728E004493AA /* AppDelegate.swift */ = {isa = PBXFileReference; lastKnownFileType = sourcecode.swift; path = AppDelegate.swift; sourceTree = "<group>"; };
		A3604F5E2350728E004493AA /* ViewController.swift */ = {isa = PBXFileReference; lastKnownFileType = sourcecode.swift; path = ViewController.swift; sourceTree = "<group>"; };
		A3604F612350728E004493AA /* Base */ = {isa = PBXFileReference; lastKnownFileType = file.storyboard; name = Base; path = Base.lproj/Main.storyboard; sourceTree = "<group>"; };
		A3604F632350728F004493AA /* Assets.xcassets */ = {isa = PBXFileReference; lastKnownFileType = folder.assetcatalog; path = Assets.xcassets; sourceTree = "<group>"; };
		A3604F662350728F004493AA /* Base */ = {isa = PBXFileReference; lastKnownFileType = file.storyboard; name = Base; path = Base.lproj/LaunchScreen.storyboard; sourceTree = "<group>"; };
		A3604F682350728F004493AA /* Info.plist */ = {isa = PBXFileReference; lastKnownFileType = text.plist.xml; path = Info.plist; sourceTree = "<group>"; };
		A3604F6D2350728F004493AA /* LupusInAulaTests.xctest */ = {isa = PBXFileReference; explicitFileType = wrapper.cfbundle; includeInIndex = 0; path = LupusInAulaTests.xctest; sourceTree = BUILT_PRODUCTS_DIR; };
		A3604F712350728F004493AA /* LupusInAulaTests.swift */ = {isa = PBXFileReference; lastKnownFileType = sourcecode.swift; path = LupusInAulaTests.swift; sourceTree = "<group>"; };
		A3604F732350728F004493AA /* Info.plist */ = {isa = PBXFileReference; lastKnownFileType = text.plist.xml; path = Info.plist; sourceTree = "<group>"; };
		A5D2EF8741D608472C5682E4 /* Pods_LupusInAulaTests.framework */ = {isa = PBXFileReference; explicitFileType = wrapper.framework; includeInIndex = 0; path = Pods_LupusInAulaTests.framework; sourceTree = BUILT_PRODUCTS_DIR; };
		C7ABB273A22156CA3E5F5631 /* Pods_LupusInAula.framework */ = {isa = PBXFileReference; explicitFileType = wrapper.framework; includeInIndex = 0; path = Pods_LupusInAula.framework; sourceTree = BUILT_PRODUCTS_DIR; };
		C890DAE774A3A3B0C32458CE /* Pods-LupusInAula.debug.xcconfig */ = {isa = PBXFileReference; includeInIndex = 1; lastKnownFileType = text.xcconfig; name = "Pods-LupusInAula.debug.xcconfig"; path = "Target Support Files/Pods-LupusInAula/Pods-LupusInAula.debug.xcconfig"; sourceTree = "<group>"; };
		F2A3626F2359BD6400BB0A26 /* Player.swift */ = {isa = PBXFileReference; lastKnownFileType = sourcecode.swift; path = Player.swift; sourceTree = "<group>"; };
/* End PBXFileReference section */

/* Begin PBXFrameworksBuildPhase section */
		A3604F562350728E004493AA /* Frameworks */ = {
			isa = PBXFrameworksBuildPhase;
			buildActionMask = 2147483647;
			files = (
				27DD983F62489ECBF6CAD4A9 /* Pods_LupusInAula.framework in Frameworks */,
			);
			runOnlyForDeploymentPostprocessing = 0;
		};
		A3604F6A2350728F004493AA /* Frameworks */ = {
			isa = PBXFrameworksBuildPhase;
			buildActionMask = 2147483647;
			files = (
				D9603BBABC31EA76B4F9E727 /* Pods_LupusInAulaTests.framework in Frameworks */,
			);
			runOnlyForDeploymentPostprocessing = 0;
		};
/* End PBXFrameworksBuildPhase section */

/* Begin PBXGroup section */
		4BC2BA3D3733290A8F3764D4 /* Frameworks */ = {
			isa = PBXGroup;
			children = (
				C7ABB273A22156CA3E5F5631 /* Pods_LupusInAula.framework */,
				A5D2EF8741D608472C5682E4 /* Pods_LupusInAulaTests.framework */,
			);
			name = Frameworks;
			sourceTree = "<group>";
		};
		71DA85A93FC547B42BA90E36 /* Pods */ = {
			isa = PBXGroup;
			children = (
				C890DAE774A3A3B0C32458CE /* Pods-LupusInAula.debug.xcconfig */,
				68CDCC912296EC2239AAAA6E /* Pods-LupusInAula.release.xcconfig */,
				8500468553339C882227196B /* Pods-LupusInAulaTests.debug.xcconfig */,
				2390A36130B8CD91166AB1F2 /* Pods-LupusInAulaTests.release.xcconfig */,
			);
			path = Pods;
			sourceTree = "<group>";
		};
		A3604F502350728E004493AA = {
			isa = PBXGroup;
			children = (
				A3604F5B2350728E004493AA /* LupusInAula */,
				A3604F702350728F004493AA /* LupusInAulaTests */,
				A3604F5A2350728E004493AA /* Products */,
				71DA85A93FC547B42BA90E36 /* Pods */,
				4BC2BA3D3733290A8F3764D4 /* Frameworks */,
			);
			sourceTree = "<group>";
		};
		A3604F5A2350728E004493AA /* Products */ = {
			isa = PBXGroup;
			children = (
				A3604F592350728E004493AA /* LupusInAula.app */,
				A3604F6D2350728F004493AA /* LupusInAulaTests.xctest */,
			);
			name = Products;
			sourceTree = "<group>";
		};
		A3604F5B2350728E004493AA /* LupusInAula */ = {
			isa = PBXGroup;
			children = (
				A3604F5C2350728E004493AA /* AppDelegate.swift */,
				A3604F5E2350728E004493AA /* ViewController.swift */,
				A3604F602350728E004493AA /* Main.storyboard */,
				A3604F632350728F004493AA /* Assets.xcassets */,
				A3604F652350728F004493AA /* LaunchScreen.storyboard */,
				A3604F682350728F004493AA /* Info.plist */,
				F2A3626F2359BD6400BB0A26 /* Player.swift */,
				A31C52252359C4B1004F0BA5 /* RemoteDatabaseManager.swift */,
			);
			path = LupusInAula;
			sourceTree = "<group>";
		};
		A3604F702350728F004493AA /* LupusInAulaTests */ = {
			isa = PBXGroup;
			children = (
				A3604F712350728F004493AA /* LupusInAulaTests.swift */,
				A3604F732350728F004493AA /* Info.plist */,
			);
			path = LupusInAulaTests;
			sourceTree = "<group>";
		};
/* End PBXGroup section */

/* Begin PBXNativeTarget section */
		A3604F582350728E004493AA /* LupusInAula */ = {
			isa = PBXNativeTarget;
			buildConfigurationList = A3604F762350728F004493AA /* Build configuration list for PBXNativeTarget "LupusInAula" */;
			buildPhases = (
				02115B155B99AA9FC67FF8C4 /* [CP] Check Pods Manifest.lock */,
				A3604F552350728E004493AA /* Sources */,
				A3604F562350728E004493AA /* Frameworks */,
				A3604F572350728E004493AA /* Resources */,
				F3FB28E3CAA73FD645EE435D /* [CP] Embed Pods Frameworks */,
			);
			buildRules = (
			);
			dependencies = (
			);
			name = LupusInAula;
			productName = LupusInAula;
			productReference = A3604F592350728E004493AA /* LupusInAula.app */;
			productType = "com.apple.product-type.application";
		};
		A3604F6C2350728F004493AA /* LupusInAulaTests */ = {
			isa = PBXNativeTarget;
			buildConfigurationList = A3604F792350728F004493AA /* Build configuration list for PBXNativeTarget "LupusInAulaTests" */;
			buildPhases = (
				34D976B4FE4D3194108DF9F5 /* [CP] Check Pods Manifest.lock */,
				A3604F692350728F004493AA /* Sources */,
				A3604F6A2350728F004493AA /* Frameworks */,
				A3604F6B2350728F004493AA /* Resources */,
			);
			buildRules = (
			);
			dependencies = (
				A3604F6F2350728F004493AA /* PBXTargetDependency */,
			);
			name = LupusInAulaTests;
			productName = LupusInAulaTests;
			productReference = A3604F6D2350728F004493AA /* LupusInAulaTests.xctest */;
			productType = "com.apple.product-type.bundle.unit-test";
		};
/* End PBXNativeTarget section */

/* Begin PBXProject section */
		A3604F512350728E004493AA /* Project object */ = {
			isa = PBXProject;
			attributes = {
				LastSwiftUpdateCheck = 1030;
				LastUpgradeCheck = 1030;
				ORGANIZATIONNAME = ITS;
				TargetAttributes = {
					A3604F582350728E004493AA = {
						CreatedOnToolsVersion = 10.3;
					};
					A3604F6C2350728F004493AA = {
						CreatedOnToolsVersion = 10.3;
						TestTargetID = A3604F582350728E004493AA;
					};
				};
			};
			buildConfigurationList = A3604F542350728E004493AA /* Build configuration list for PBXProject "LupusInAula" */;
			compatibilityVersion = "Xcode 9.3";
			developmentRegion = en;
			hasScannedForEncodings = 0;
			knownRegions = (
				en,
				Base,
			);
			mainGroup = A3604F502350728E004493AA;
			productRefGroup = A3604F5A2350728E004493AA /* Products */;
			projectDirPath = "";
			projectRoot = "";
			targets = (
				A3604F582350728E004493AA /* LupusInAula */,
				A3604F6C2350728F004493AA /* LupusInAulaTests */,
			);
		};
/* End PBXProject section */

/* Begin PBXResourcesBuildPhase section */
		A3604F572350728E004493AA /* Resources */ = {
			isa = PBXResourcesBuildPhase;
			buildActionMask = 2147483647;
			files = (
				A3604F672350728F004493AA /* LaunchScreen.storyboard in Resources */,
				A3604F642350728F004493AA /* Assets.xcassets in Resources */,
				A3604F622350728E004493AA /* Main.storyboard in Resources */,
			);
			runOnlyForDeploymentPostprocessing = 0;
		};
		A3604F6B2350728F004493AA /* Resources */ = {
			isa = PBXResourcesBuildPhase;
			buildActionMask = 2147483647;
			files = (
			);
			runOnlyForDeploymentPostprocessing = 0;
		};
/* End PBXResourcesBuildPhase section */

/* Begin PBXShellScriptBuildPhase section */
		02115B155B99AA9FC67FF8C4 /* [CP] Check Pods Manifest.lock */ = {
			isa = PBXShellScriptBuildPhase;
			buildActionMask = 2147483647;
			files = (
			);
			inputFileListPaths = (
			);
			inputPaths = (
				"${PODS_PODFILE_DIR_PATH}/Podfile.lock",
				"${PODS_ROOT}/Manifest.lock",
			);
			name = "[CP] Check Pods Manifest.lock";
			outputFileListPaths = (
			);
			outputPaths = (
				"$(DERIVED_FILE_DIR)/Pods-LupusInAula-checkManifestLockResult.txt",
			);
			runOnlyForDeploymentPostprocessing = 0;
			shellPath = /bin/sh;
			shellScript = "diff \"${PODS_PODFILE_DIR_PATH}/Podfile.lock\" \"${PODS_ROOT}/Manifest.lock\" > /dev/null\nif [ $? != 0 ] ; then\n    # print error to STDERR\n    echo \"error: The sandbox is not in sync with the Podfile.lock. Run 'pod install' or update your CocoaPods installation.\" >&2\n    exit 1\nfi\n# This output is used by Xcode 'outputs' to avoid re-running this script phase.\necho \"SUCCESS\" > \"${SCRIPT_OUTPUT_FILE_0}\"\n";
			showEnvVarsInLog = 0;
		};
		34D976B4FE4D3194108DF9F5 /* [CP] Check Pods Manifest.lock */ = {
			isa = PBXShellScriptBuildPhase;
			buildActionMask = 2147483647;
			files = (
			);
			inputFileListPaths = (
			);
			inputPaths = (
				"${PODS_PODFILE_DIR_PATH}/Podfile.lock",
				"${PODS_ROOT}/Manifest.lock",
			);
			name = "[CP] Check Pods Manifest.lock";
			outputFileListPaths = (
			);
			outputPaths = (
				"$(DERIVED_FILE_DIR)/Pods-LupusInAulaTests-checkManifestLockResult.txt",
			);
			runOnlyForDeploymentPostprocessing = 0;
			shellPath = /bin/sh;
			shellScript = "diff \"${PODS_PODFILE_DIR_PATH}/Podfile.lock\" \"${PODS_ROOT}/Manifest.lock\" > /dev/null\nif [ $? != 0 ] ; then\n    # print error to STDERR\n    echo \"error: The sandbox is not in sync with the Podfile.lock. Run 'pod install' or update your CocoaPods installation.\" >&2\n    exit 1\nfi\n# This output is used by Xcode 'outputs' to avoid re-running this script phase.\necho \"SUCCESS\" > \"${SCRIPT_OUTPUT_FILE_0}\"\n";
			showEnvVarsInLog = 0;
		};
		F3FB28E3CAA73FD645EE435D /* [CP] Embed Pods Frameworks */ = {
			isa = PBXShellScriptBuildPhase;
			buildActionMask = 2147483647;
			files = (
			);
			inputFileListPaths = (
				"${PODS_ROOT}/Target Support Files/Pods-LupusInAula/Pods-LupusInAula-frameworks-${CONFIGURATION}-input-files.xcfilelist",
			);
			name = "[CP] Embed Pods Frameworks";
			outputFileListPaths = (
				"${PODS_ROOT}/Target Support Files/Pods-LupusInAula/Pods-LupusInAula-frameworks-${CONFIGURATION}-output-files.xcfilelist",
			);
			runOnlyForDeploymentPostprocessing = 0;
			shellPath = /bin/sh;
			shellScript = "\"${PODS_ROOT}/Target Support Files/Pods-LupusInAula/Pods-LupusInAula-frameworks.sh\"\n";
			showEnvVarsInLog = 0;
		};
/* End PBXShellScriptBuildPhase section */

/* Begin PBXSourcesBuildPhase section */
		A3604F552350728E004493AA /* Sources */ = {
			isa = PBXSourcesBuildPhase;
			buildActionMask = 2147483647;
			files = (
				A3604F5F2350728E004493AA /* ViewController.swift in Sources */,
				F2A362702359BD6400BB0A26 /* Player.swift in Sources */,
				A31C52262359C4B1004F0BA5 /* RemoteDatabaseManager.swift in Sources */,
				A3604F5D2350728E004493AA /* AppDelegate.swift in Sources */,
			);
			runOnlyForDeploymentPostprocessing = 0;
		};
		A3604F692350728F004493AA /* Sources */ = {
			isa = PBXSourcesBuildPhase;
			buildActionMask = 2147483647;
			files = (
				A3604F722350728F004493AA /* LupusInAulaTests.swift in Sources */,
			);
			runOnlyForDeploymentPostprocessing = 0;
		};
/* End PBXSourcesBuildPhase section */

/* Begin PBXTargetDependency section */
		A3604F6F2350728F004493AA /* PBXTargetDependency */ = {
			isa = PBXTargetDependency;
			target = A3604F582350728E004493AA /* LupusInAula */;
			targetProxy = A3604F6E2350728F004493AA /* PBXContainerItemProxy */;
		};
/* End PBXTargetDependency section */

/* Begin PBXVariantGroup section */
		A3604F602350728E004493AA /* Main.storyboard */ = {
			isa = PBXVariantGroup;
			children = (
				A3604F612350728E004493AA /* Base */,
			);
			name = Main.storyboard;
			sourceTree = "<group>";
		};
		A3604F652350728F004493AA /* LaunchScreen.storyboard */ = {
			isa = PBXVariantGroup;
			children = (
				A3604F662350728F004493AA /* Base */,
			);
			name = LaunchScreen.storyboard;
			sourceTree = "<group>";
		};
/* End PBXVariantGroup section */

/* Begin XCBuildConfiguration section */
		A3604F742350728F004493AA /* Debug */ = {
			isa = XCBuildConfiguration;
			buildSettings = {
				ALWAYS_SEARCH_USER_PATHS = NO;
				CLANG_ANALYZER_NONNULL = YES;
				CLANG_ANALYZER_NUMBER_OBJECT_CONVERSION = YES_AGGRESSIVE;
				CLANG_CXX_LANGUAGE_STANDARD = "gnu++14";
				CLANG_CXX_LIBRARY = "libc++";
				CLANG_ENABLE_MODULES = YES;
				CLANG_ENABLE_OBJC_ARC = YES;
				CLANG_ENABLE_OBJC_WEAK = YES;
				CLANG_WARN_BLOCK_CAPTURE_AUTORELEASING = YES;
				CLANG_WARN_BOOL_CONVERSION = YES;
				CLANG_WARN_COMMA = YES;
				CLANG_WARN_CONSTANT_CONVERSION = YES;
				CLANG_WARN_DEPRECATED_OBJC_IMPLEMENTATIONS = YES;
				CLANG_WARN_DIRECT_OBJC_ISA_USAGE = YES_ERROR;
				CLANG_WARN_DOCUMENTATION_COMMENTS = YES;
				CLANG_WARN_EMPTY_BODY = YES;
				CLANG_WARN_ENUM_CONVERSION = YES;
				CLANG_WARN_INFINITE_RECURSION = YES;
				CLANG_WARN_INT_CONVERSION = YES;
				CLANG_WARN_NON_LITERAL_NULL_CONVERSION = YES;
				CLANG_WARN_OBJC_IMPLICIT_RETAIN_SELF = YES;
				CLANG_WARN_OBJC_LITERAL_CONVERSION = YES;
				CLANG_WARN_OBJC_ROOT_CLASS = YES_ERROR;
				CLANG_WARN_RANGE_LOOP_ANALYSIS = YES;
				CLANG_WARN_STRICT_PROTOTYPES = YES;
				CLANG_WARN_SUSPICIOUS_MOVE = YES;
				CLANG_WARN_UNGUARDED_AVAILABILITY = YES_AGGRESSIVE;
				CLANG_WARN_UNREACHABLE_CODE = YES;
				CLANG_WARN__DUPLICATE_METHOD_MATCH = YES;
				CODE_SIGN_IDENTITY = "iPhone Developer";
				COPY_PHASE_STRIP = NO;
				DEBUG_INFORMATION_FORMAT = dwarf;
				ENABLE_STRICT_OBJC_MSGSEND = YES;
				ENABLE_TESTABILITY = YES;
				GCC_C_LANGUAGE_STANDARD = gnu11;
				GCC_DYNAMIC_NO_PIC = NO;
				GCC_NO_COMMON_BLOCKS = YES;
				GCC_OPTIMIZATION_LEVEL = 0;
				GCC_PREPROCESSOR_DEFINITIONS = (
					"DEBUG=1",
					"$(inherited)",
				);
				GCC_WARN_64_TO_32_BIT_CONVERSION = YES;
				GCC_WARN_ABOUT_RETURN_TYPE = YES_ERROR;
				GCC_WARN_UNDECLARED_SELECTOR = YES;
				GCC_WARN_UNINITIALIZED_AUTOS = YES_AGGRESSIVE;
				GCC_WARN_UNUSED_FUNCTION = YES;
				GCC_WARN_UNUSED_VARIABLE = YES;
				IPHONEOS_DEPLOYMENT_TARGET = 12.4;
				MTL_ENABLE_DEBUG_INFO = INCLUDE_SOURCE;
				MTL_FAST_MATH = YES;
				ONLY_ACTIVE_ARCH = YES;
				SDKROOT = iphoneos;
				SWIFT_ACTIVE_COMPILATION_CONDITIONS = DEBUG;
				SWIFT_OPTIMIZATION_LEVEL = "-Onone";
			};
			name = Debug;
		};
		A3604F752350728F004493AA /* Release */ = {
			isa = XCBuildConfiguration;
			buildSettings = {
				ALWAYS_SEARCH_USER_PATHS = NO;
				CLANG_ANALYZER_NONNULL = YES;
				CLANG_ANALYZER_NUMBER_OBJECT_CONVERSION = YES_AGGRESSIVE;
				CLANG_CXX_LANGUAGE_STANDARD = "gnu++14";
				CLANG_CXX_LIBRARY = "libc++";
				CLANG_ENABLE_MODULES = YES;
				CLANG_ENABLE_OBJC_ARC = YES;
				CLANG_ENABLE_OBJC_WEAK = YES;
				CLANG_WARN_BLOCK_CAPTURE_AUTORELEASING = YES;
				CLANG_WARN_BOOL_CONVERSION = YES;
				CLANG_WARN_COMMA = YES;
				CLANG_WARN_CONSTANT_CONVERSION = YES;
				CLANG_WARN_DEPRECATED_OBJC_IMPLEMENTATIONS = YES;
				CLANG_WARN_DIRECT_OBJC_ISA_USAGE = YES_ERROR;
				CLANG_WARN_DOCUMENTATION_COMMENTS = YES;
				CLANG_WARN_EMPTY_BODY = YES;
				CLANG_WARN_ENUM_CONVERSION = YES;
				CLANG_WARN_INFINITE_RECURSION = YES;
				CLANG_WARN_INT_CONVERSION = YES;
				CLANG_WARN_NON_LITERAL_NULL_CONVERSION = YES;
				CLANG_WARN_OBJC_IMPLICIT_RETAIN_SELF = YES;
				CLANG_WARN_OBJC_LITERAL_CONVERSION = YES;
				CLANG_WARN_OBJC_ROOT_CLASS = YES_ERROR;
				CLANG_WARN_RANGE_LOOP_ANALYSIS = YES;
				CLANG_WARN_STRICT_PROTOTYPES = YES;
				CLANG_WARN_SUSPICIOUS_MOVE = YES;
				CLANG_WARN_UNGUARDED_AVAILABILITY = YES_AGGRESSIVE;
				CLANG_WARN_UNREACHABLE_CODE = YES;
				CLANG_WARN__DUPLICATE_METHOD_MATCH = YES;
				CODE_SIGN_IDENTITY = "iPhone Developer";
				COPY_PHASE_STRIP = NO;
				DEBUG_INFORMATION_FORMAT = "dwarf-with-dsym";
				ENABLE_NS_ASSERTIONS = NO;
				ENABLE_STRICT_OBJC_MSGSEND = YES;
				GCC_C_LANGUAGE_STANDARD = gnu11;
				GCC_NO_COMMON_BLOCKS = YES;
				GCC_WARN_64_TO_32_BIT_CONVERSION = YES;
				GCC_WARN_ABOUT_RETURN_TYPE = YES_ERROR;
				GCC_WARN_UNDECLARED_SELECTOR = YES;
				GCC_WARN_UNINITIALIZED_AUTOS = YES_AGGRESSIVE;
				GCC_WARN_UNUSED_FUNCTION = YES;
				GCC_WARN_UNUSED_VARIABLE = YES;
				IPHONEOS_DEPLOYMENT_TARGET = 12.4;
				MTL_ENABLE_DEBUG_INFO = NO;
				MTL_FAST_MATH = YES;
				SDKROOT = iphoneos;
				SWIFT_COMPILATION_MODE = wholemodule;
				SWIFT_OPTIMIZATION_LEVEL = "-O";
				VALIDATE_PRODUCT = YES;
			};
			name = Release;
		};
		A3604F772350728F004493AA /* Debug */ = {
			isa = XCBuildConfiguration;
			baseConfigurationReference = C890DAE774A3A3B0C32458CE /* Pods-LupusInAula.debug.xcconfig */;
			buildSettings = {
				ASSETCATALOG_COMPILER_APPICON_NAME = AppIcon;
				CODE_SIGN_STYLE = Manual;
				DEVELOPMENT_TEAM = "";
				INFOPLIST_FILE = LupusInAula/Info.plist;
				LD_RUNPATH_SEARCH_PATHS = (
					"$(inherited)",
					"@executable_path/Frameworks",
				);
				PRODUCT_BUNDLE_IDENTIFIER = ITS.LupusInAula;
				PRODUCT_NAME = "$(TARGET_NAME)";
				PROVISIONING_PROFILE_SPECIFIER = "";
				SWIFT_VERSION = 5.0;
				TARGETED_DEVICE_FAMILY = "1,2";
			};
			name = Debug;
		};
		A3604F782350728F004493AA /* Release */ = {
			isa = XCBuildConfiguration;
			baseConfigurationReference = 68CDCC912296EC2239AAAA6E /* Pods-LupusInAula.release.xcconfig */;
			buildSettings = {
				ASSETCATALOG_COMPILER_APPICON_NAME = AppIcon;
				CODE_SIGN_STYLE = Manual;
				DEVELOPMENT_TEAM = "";
				INFOPLIST_FILE = LupusInAula/Info.plist;
				LD_RUNPATH_SEARCH_PATHS = (
					"$(inherited)",
					"@executable_path/Frameworks",
				);
				PRODUCT_BUNDLE_IDENTIFIER = ITS.LupusInAula;
				PRODUCT_NAME = "$(TARGET_NAME)";
				PROVISIONING_PROFILE_SPECIFIER = "";
				SWIFT_VERSION = 5.0;
				TARGETED_DEVICE_FAMILY = "1,2";
			};
			name = Release;
		};
		A3604F7A2350728F004493AA /* Debug */ = {
			isa = XCBuildConfiguration;
			baseConfigurationReference = 8500468553339C882227196B /* Pods-LupusInAulaTests.debug.xcconfig */;
			buildSettings = {
				ALWAYS_EMBED_SWIFT_STANDARD_LIBRARIES = YES;
				BUNDLE_LOADER = "$(TEST_HOST)";
				CODE_SIGN_STYLE = Automatic;
				INFOPLIST_FILE = LupusInAulaTests/Info.plist;
				LD_RUNPATH_SEARCH_PATHS = (
					"$(inherited)",
					"@executable_path/Frameworks",
					"@loader_path/Frameworks",
				);
				PRODUCT_BUNDLE_IDENTIFIER = ITS.LupusInAulaTests;
				PRODUCT_NAME = "$(TARGET_NAME)";
				SWIFT_VERSION = 5.0;
				TARGETED_DEVICE_FAMILY = "1,2";
				TEST_HOST = "$(BUILT_PRODUCTS_DIR)/LupusInAula.app/LupusInAula";
			};
			name = Debug;
		};
		A3604F7B2350728F004493AA /* Release */ = {
			isa = XCBuildConfiguration;
			baseConfigurationReference = 2390A36130B8CD91166AB1F2 /* Pods-LupusInAulaTests.release.xcconfig */;
			buildSettings = {
				ALWAYS_EMBED_SWIFT_STANDARD_LIBRARIES = YES;
				BUNDLE_LOADER = "$(TEST_HOST)";
				CODE_SIGN_STYLE = Automatic;
				INFOPLIST_FILE = LupusInAulaTests/Info.plist;
				LD_RUNPATH_SEARCH_PATHS = (
					"$(inherited)",
					"@executable_path/Frameworks",
					"@loader_path/Frameworks",
				);
				PRODUCT_BUNDLE_IDENTIFIER = ITS.LupusInAulaTests;
				PRODUCT_NAME = "$(TARGET_NAME)";
				SWIFT_VERSION = 5.0;
				TARGETED_DEVICE_FAMILY = "1,2";
				TEST_HOST = "$(BUILT_PRODUCTS_DIR)/LupusInAula.app/LupusInAula";
			};
			name = Release;
		};
/* End XCBuildConfiguration section */

/* Begin XCConfigurationList section */
		A3604F542350728E004493AA /* Build configuration list for PBXProject "LupusInAula" */ = {
			isa = XCConfigurationList;
			buildConfigurations = (
				A3604F742350728F004493AA /* Debug */,
				A3604F752350728F004493AA /* Release */,
			);
			defaultConfigurationIsVisible = 0;
			defaultConfigurationName = Release;
		};
		A3604F762350728F004493AA /* Build configuration list for PBXNativeTarget "LupusInAula" */ = {
			isa = XCConfigurationList;
			buildConfigurations = (
				A3604F772350728F004493AA /* Debug */,
				A3604F782350728F004493AA /* Release */,
			);
			defaultConfigurationIsVisible = 0;
			defaultConfigurationName = Release;
		};
		A3604F792350728F004493AA /* Build configuration list for PBXNativeTarget "LupusInAulaTests" */ = {
			isa = XCConfigurationList;
			buildConfigurations = (
				A3604F7A2350728F004493AA /* Debug */,
				A3604F7B2350728F004493AA /* Release */,
			);
			defaultConfigurationIsVisible = 0;
			defaultConfigurationName = Release;
		};
/* End XCConfigurationList section */
	};
	rootObject = A3604F512350728E004493AA /* Project object */;
}
